
Microsoft Visual Studio Solution File, Format Version 12.00
# Visual Studio Version 17
VisualStudioVersion = 17.3.32825.248
MinimumVisualStudioVersion = 10.0.40219.1
Project("{9A19103F-16F7-4668-BE54-9A1E7A4F7556}") = "EasyRunner", "EasyRunner\EasyRunner.csproj", "{DE87F2B7-1463-499C-B513-1DA84D5B05A5}"
EndProject
Global
	GlobalSection(SolutionConfigurationPlatforms) = preSolution
		Debug|Any CPU = Debug|Any CPU
		Release|Any CPU = Release|Any CPU
	EndGlobalSection
	GlobalSection(ProjectConfigurationPlatforms) = postSolution
		{DE87F2B7-1463-499C-B513-1DA84D5B05A5}.Debug|Any CPU.ActiveCfg = Debug|Any CPU
		{DE87F2B7-1463-499C-B513-1DA84D5B05A5}.Debug|Any CPU.Build.0 = Debug|Any CPU
		{DE87F2B7-1463-499C-B513-1DA84D5B05A5}.Release|Any CPU.ActiveCfg = Release|Any CPU
		{DE87F2B7-1463-499C-B513-1DA84D5B05A5}.Release|Any CPU.Build.0 = Release|Any CPU
	EndGlobalSection
	GlobalSection(SolutionProperties) = preSolution
		HideSolutionNode = FALSE
	EndGlobalSection
	GlobalSection(ExtensibilityGlobals) = postSolution
		SolutionGuid = {24572F5A-C16B-4814-9EE2-6393F79E289A}
	EndGlobalSection
EndGlobal
